
Microsoft Visual Studio Solution File, Format Version 12.00
# Visual Studio Version 16
VisualStudioVersion = 16.0.29102.190
MinimumVisualStudioVersion = 10.0.40219.1
Project("{FAE04EC0-301F-11D3-BF4B-00C04F79EFBC}") = "PollingSystem", "PollingSystem\PollingSystem.csproj", "{FEDE1244-91D5-4A67-A759-55247AA12812}"
EndProject
Global
	GlobalSection(SolutionConfigurationPlatforms) = preSolution
		Debug|Any CPU = Debug|Any CPU
		Release|Any CPU = Release|Any CPU
	EndGlobalSection
	GlobalSection(ProjectConfigurationPlatforms) = postSolution
		{FEDE1244-91D5-4A67-A759-55247AA12812}.Debug|Any CPU.ActiveCfg = Debug|Any CPU
		{FEDE1244-91D5-4A67-A759-55247AA12812}.Debug|Any CPU.Build.0 = Debug|Any CPU
		{FEDE1244-91D5-4A67-A759-55247AA12812}.Release|Any CPU.ActiveCfg = Release|Any CPU
		{FEDE1244-91D5-4A67-A759-55247AA12812}.Release|Any CPU.Build.0 = Release|Any CPU
	EndGlobalSection
	GlobalSection(SolutionProperties) = preSolution
		HideSolutionNode = FALSE
	EndGlobalSection
	GlobalSection(ExtensibilityGlobals) = postSolution
		SolutionGuid = {AAF6B8EB-F14C-4B06-BFAD-E6713912F1B7}
	EndGlobalSection
EndGlobal
